
Microsoft Visual Studio Solution File, Format Version 12.00
# Visual Studio 15
VisualStudioVersion = 15.0.26430.6
MinimumVisualStudioVersion = 10.0.40219.1
Project("{FAE04EC0-301F-11D3-BF4B-00C04F79EFBC}") = "Workshop.Tests", "Workshop.Tests\Workshop.Tests.csproj", "{C401E1F9-9325-47C6-8108-457D17B0860A}"
EndProject
Project("{FAE04EC0-301F-11D3-BF4B-00C04F79EFBC}") = "Workshop.DomainTests", "Workshop.DomainTests\Workshop.DomainTests.csproj", "{87CA62C2-9EAE-40A1-92FC-1A0F97943816}"
EndProject
Global
	GlobalSection(SolutionConfigurationPlatforms) = preSolution
		Debug|Any CPU = Debug|Any CPU
		Release|Any CPU = Release|Any CPU
	EndGlobalSection
	GlobalSection(ProjectConfigurationPlatforms) = postSolution
		{C401E1F9-9325-47C6-8108-457D17B0860A}.Debug|Any CPU.ActiveCfg = Debug|Any CPU
		{C401E1F9-9325-47C6-8108-457D17B0860A}.Debug|Any CPU.Build.0 = Debug|Any CPU
		{C401E1F9-9325-47C6-8108-457D17B0860A}.Release|Any CPU.ActiveCfg = Release|Any CPU
		{C401E1F9-9325-47C6-8108-457D17B0860A}.Release|Any CPU.Build.0 = Release|Any CPU
		{87CA62C2-9EAE-40A1-92FC-1A0F97943816}.Debug|Any CPU.ActiveCfg = Debug|Any CPU
		{87CA62C2-9EAE-40A1-92FC-1A0F97943816}.Debug|Any CPU.Build.0 = Debug|Any CPU
		{87CA62C2-9EAE-40A1-92FC-1A0F97943816}.Release|Any CPU.ActiveCfg = Release|Any CPU
		{87CA62C2-9EAE-40A1-92FC-1A0F97943816}.Release|Any CPU.Build.0 = Release|Any CPU
	EndGlobalSection
	GlobalSection(SolutionProperties) = preSolution
		HideSolutionNode = FALSE
	EndGlobalSection
EndGlobal
